
Microsoft Visual Studio Solution File, Format Version 12.00
# Visual Studio 2013
VisualStudioVersion = 12.0.31101.0
MinimumVisualStudioVersion = 10.0.40219.1
Project("{FAE04EC0-301F-11D3-BF4B-00C04F79EFBC}") = "PostSharp.NotifyPropertyChange", "PostSharp.NotifyPropertyChange\PostSharp.NotifyPropertyChange.csproj", "{3B617565-F460-4F39-887F-BD64158A23EF}"
EndProject
Project("{FAE04EC0-301F-11D3-BF4B-00C04F79EFBC}") = "PostSharp.ReaderWriterLock", "PostSharp.ReaderWriterLock\PostSharp.ReaderWriterLock.csproj", "{B8467850-E850-42E6-82D1-74AF3696EA50}"
EndProject
Project("{FAE04EC0-301F-11D3-BF4B-00C04F79EFBC}") = "PostSharp.Custom", "PostSharp.Custom\PostSharp.Custom.csproj", "{920C0581-5DD1-4DDE-8BB4-4A4300AC44E7}"
EndProject
Project("{FAE04EC0-301F-11D3-BF4B-00C04F79EFBC}") = "PostSharp.UndoRedo", "PostSharp.UndoRedo\PostSharp.UndoRedo.csproj", "{42E9463B-E655-4321-8023-BADC83972044}"
EndProject
Project("{FAE04EC0-301F-11D3-BF4B-00C04F79EFBC}") = "PostSharp.Aggregatable", "PostSharp.Aggregatable\PostSharp.Aggregatable.csproj", "{673B0EAA-4289-4455-A78C-928282DFA8E8}"
EndProject
Project("{FAE04EC0-301F-11D3-BF4B-00C04F79EFBC}") = "PostSharp.Immutable", "PostSharp.Immutable\PostSharp.Immutable.csproj", "{1786A563-B4A0-489B-B888-46D49632DD9E}"
EndProject
Global
	GlobalSection(SolutionConfigurationPlatforms) = preSolution
		Ad-Hoc|Any CPU = Ad-Hoc|Any CPU
		Ad-Hoc|iPhone = Ad-Hoc|iPhone
		Ad-Hoc|iPhoneSimulator = Ad-Hoc|iPhoneSimulator
		Ad-Hoc|Mixed Platforms = Ad-Hoc|Mixed Platforms
		AppStore|Any CPU = AppStore|Any CPU
		AppStore|iPhone = AppStore|iPhone
		AppStore|iPhoneSimulator = AppStore|iPhoneSimulator
		AppStore|Mixed Platforms = AppStore|Mixed Platforms
		Debug|Any CPU = Debug|Any CPU
		Debug|iPhone = Debug|iPhone
		Debug|iPhoneSimulator = Debug|iPhoneSimulator
		Debug|Mixed Platforms = Debug|Mixed Platforms
		Release|Any CPU = Release|Any CPU
		Release|iPhone = Release|iPhone
		Release|iPhoneSimulator = Release|iPhoneSimulator
		Release|Mixed Platforms = Release|Mixed Platforms
	EndGlobalSection
	GlobalSection(ProjectConfigurationPlatforms) = postSolution
		{3B617565-F460-4F39-887F-BD64158A23EF}.Ad-Hoc|Any CPU.ActiveCfg = Release|Any CPU
		{3B617565-F460-4F39-887F-BD64158A23EF}.Ad-Hoc|Any CPU.Build.0 = Release|Any CPU
		{3B617565-F460-4F39-887F-BD64158A23EF}.Ad-Hoc|iPhone.ActiveCfg = Release|Any CPU
		{3B617565-F460-4F39-887F-BD64158A23EF}.Ad-Hoc|iPhoneSimulator.ActiveCfg = Release|Any CPU
		{3B617565-F460-4F39-887F-BD64158A23EF}.Ad-Hoc|Mixed Platforms.ActiveCfg = Release|Any CPU
		{3B617565-F460-4F39-887F-BD64158A23EF}.Ad-Hoc|Mixed Platforms.Build.0 = Release|Any CPU
		{3B617565-F460-4F39-887F-BD64158A23EF}.AppStore|Any CPU.ActiveCfg = Release|Any CPU
		{3B617565-F460-4F39-887F-BD64158A23EF}.AppStore|Any CPU.Build.0 = Release|Any CPU
		{3B617565-F460-4F39-887F-BD64158A23EF}.AppStore|iPhone.ActiveCfg = Release|Any CPU
		{3B617565-F460-4F39-887F-BD64158A23EF}.AppStore|iPhoneSimulator.ActiveCfg = Release|Any CPU
		{3B617565-F460-4F39-887F-BD64158A23EF}.AppStore|Mixed Platforms.ActiveCfg = Release|Any CPU
		{3B617565-F460-4F39-887F-BD64158A23EF}.AppStore|Mixed Platforms.Build.0 = Release|Any CPU
		{3B617565-F460-4F39-887F-BD64158A23EF}.Debug|Any CPU.ActiveCfg = Debug|Any CPU
		{3B617565-F460-4F39-887F-BD64158A23EF}.Debug|Any CPU.Build.0 = Debug|Any CPU
		{3B617565-F460-4F39-887F-BD64158A23EF}.Debug|iPhone.ActiveCfg = Debug|Any CPU
		{3B617565-F460-4F39-887F-BD64158A23EF}.Debug|iPhoneSimulator.ActiveCfg = Debug|Any CPU
		{3B617565-F460-4F39-887F-BD64158A23EF}.Debug|Mixed Platforms.ActiveCfg = Debug|Any CPU
		{3B617565-F460-4F39-887F-BD64158A23EF}.Debug|Mixed Platforms.Build.0 = Debug|Any CPU
		{3B617565-F460-4F39-887F-BD64158A23EF}.Release|Any CPU.ActiveCfg = Release|Any CPU
		{3B617565-F460-4F39-887F-BD64158A23EF}.Release|Any CPU.Build.0 = Release|Any CPU
		{3B617565-F460-4F39-887F-BD64158A23EF}.Release|iPhone.ActiveCfg = Release|Any CPU
		{3B617565-F460-4F39-887F-BD64158A23EF}.Release|iPhoneSimulator.ActiveCfg = Release|Any CPU
		{3B617565-F460-4F39-887F-BD64158A23EF}.Release|Mixed Platforms.ActiveCfg = Release|Any CPU
		{3B617565-F460-4F39-887F-BD64158A23EF}.Release|Mixed Platforms.Build.0 = Release|Any CPU
		{B8467850-E850-42E6-82D1-74AF3696EA50}.Ad-Hoc|Any CPU.ActiveCfg = Release|Any CPU
		{B8467850-E850-42E6-82D1-74AF3696EA50}.Ad-Hoc|Any CPU.Build.0 = Release|Any CPU
		{B8467850-E850-42E6-82D1-74AF3696EA50}.Ad-Hoc|iPhone.ActiveCfg = Release|Any CPU
		{B8467850-E850-42E6-82D1-74AF3696EA50}.Ad-Hoc|iPhoneSimulator.ActiveCfg = Release|Any CPU
		{B8467850-E850-42E6-82D1-74AF3696EA50}.Ad-Hoc|Mixed Platforms.ActiveCfg = Release|Any CPU
		{B8467850-E850-42E6-82D1-74AF3696EA50}.Ad-Hoc|Mixed Platforms.Build.0 = Release|Any CPU
		{B8467850-E850-42E6-82D1-74AF3696EA50}.AppStore|Any CPU.ActiveCfg = Release|Any CPU
		{B8467850-E850-42E6-82D1-74AF3696EA50}.AppStore|Any CPU.Build.0 = Release|Any CPU
		{B8467850-E850-42E6-82D1-74AF3696EA50}.AppStore|iPhone.ActiveCfg = Release|Any CPU
		{B8467850-E850-42E6-82D1-74AF3696EA50}.AppStore|iPhoneSimulator.ActiveCfg = Release|Any CPU
		{B8467850-E850-42E6-82D1-74AF3696EA50}.AppStore|Mixed Platforms.ActiveCfg = Release|Any CPU
		{B8467850-E850-42E6-82D1-74AF3696EA50}.AppStore|Mixed Platforms.Build.0 = Release|Any CPU
		{B8467850-E850-42E6-82D1-74AF3696EA50}.Debug|Any CPU.ActiveCfg = Debug|Any CPU
		{B8467850-E850-42E6-82D1-74AF3696EA50}.Debug|Any CPU.Build.0 = Debug|Any CPU
		{B8467850-E850-42E6-82D1-74AF3696EA50}.Debug|iPhone.ActiveCfg = Debug|Any CPU
		{B8467850-E850-42E6-82D1-74AF3696EA50}.Debug|iPhoneSimulator.ActiveCfg = Debug|Any CPU
		{B8467850-E850-42E6-82D1-74AF3696EA50}.Debug|Mixed Platforms.ActiveCfg = Debug|Any CPU
		{B8467850-E850-42E6-82D1-74AF3696EA50}.Debug|Mixed Platforms.Build.0 = Debug|Any CPU
		{B8467850-E850-42E6-82D1-74AF3696EA50}.Release|Any CPU.ActiveCfg = Release|Any CPU
		{B8467850-E850-42E6-82D1-74AF3696EA50}.Release|Any CPU.Build.0 = Release|Any CPU
		{B8467850-E850-42E6-82D1-74AF3696EA50}.Release|iPhone.ActiveCfg = Release|Any CPU
		{B8467850-E850-42E6-82D1-74AF3696EA50}.Release|iPhoneSimulator.ActiveCfg = Release|Any CPU
		{B8467850-E850-42E6-82D1-74AF3696EA50}.Release|Mixed Platforms.ActiveCfg = Release|Any CPU
		{B8467850-E850-42E6-82D1-74AF3696EA50}.Release|Mixed Platforms.Build.0 = Release|Any CPU
		{920C0581-5DD1-4DDE-8BB4-4A4300AC44E7}.Ad-Hoc|Any CPU.ActiveCfg = Release|Any CPU
		{920C0581-5DD1-4DDE-8BB4-4A4300AC44E7}.Ad-Hoc|Any CPU.Build.0 = Release|Any CPU
		{920C0581-5DD1-4DDE-8BB4-4A4300AC44E7}.Ad-Hoc|iPhone.ActiveCfg = Release|Any CPU
		{920C0581-5DD1-4DDE-8BB4-4A4300AC44E7}.Ad-Hoc|iPhoneSimulator.ActiveCfg = Release|Any CPU
		{920C0581-5DD1-4DDE-8BB4-4A4300AC44E7}.Ad-Hoc|Mixed Platforms.ActiveCfg = Release|Any CPU
		{920C0581-5DD1-4DDE-8BB4-4A4300AC44E7}.Ad-Hoc|Mixed Platforms.Build.0 = Release|Any CPU
		{920C0581-5DD1-4DDE-8BB4-4A4300AC44E7}.AppStore|Any CPU.ActiveCfg = Release|Any CPU
		{920C0581-5DD1-4DDE-8BB4-4A4300AC44E7}.AppStore|Any CPU.Build.0 = Release|Any CPU
		{920C0581-5DD1-4DDE-8BB4-4A4300AC44E7}.AppStore|iPhone.ActiveCfg = Release|Any CPU
		{920C0581-5DD1-4DDE-8BB4-4A4300AC44E7}.AppStore|iPhoneSimulator.ActiveCfg = Release|Any CPU
		{920C0581-5DD1-4DDE-8BB4-4A4300AC44E7}.AppStore|Mixed Platforms.ActiveCfg = Release|Any CPU
		{920C0581-5DD1-4DDE-8BB4-4A4300AC44E7}.AppStore|Mixed Platforms.Build.0 = Release|Any CPU
		{920C0581-5DD1-4DDE-8BB4-4A4300AC44E7}.Debug|Any CPU.ActiveCfg = Debug|Any CPU
		{920C0581-5DD1-4DDE-8BB4-4A4300AC44E7}.Debug|Any CPU.Build.0 = Debug|Any CPU
		{920C0581-5DD1-4DDE-8BB4-4A4300AC44E7}.Debug|iPhone.ActiveCfg = Debug|Any CPU
		{920C0581-5DD1-4DDE-8BB4-4A4300AC44E7}.Debug|iPhoneSimulator.ActiveCfg = Debug|Any CPU
		{920C0581-5DD1-4DDE-8BB4-4A4300AC44E7}.Debug|Mixed Platforms.ActiveCfg = Debug|Any CPU
		{920C0581-5DD1-4DDE-8BB4-4A4300AC44E7}.Debug|Mixed Platforms.Build.0 = Debug|Any CPU
		{920C0581-5DD1-4DDE-8BB4-4A4300AC44E7}.Release|Any CPU.ActiveCfg = Release|Any CPU
		{920C0581-5DD1-4DDE-8BB4-4A4300AC44E7}.Release|Any CPU.Build.0 = Release|Any CPU
		{920C0581-5DD1-4DDE-8BB4-4A4300AC44E7}.Release|iPhone.ActiveCfg = Release|Any CPU
		{920C0581-5DD1-4DDE-8BB4-4A4300AC44E7}.Release|iPhoneSimulator.ActiveCfg = Release|Any CPU
		{920C0581-5DD1-4DDE-8BB4-4A4300AC44E7}.Release|Mixed Platforms.ActiveCfg = Release|Any CPU
		{920C0581-5DD1-4DDE-8BB4-4A4300AC44E7}.Release|Mixed Platforms.Build.0 = Release|Any CPU
		{42E9463B-E655-4321-8023-BADC83972044}.Ad-Hoc|Any CPU.ActiveCfg = Release|Any CPU
		{42E9463B-E655-4321-8023-BADC83972044}.Ad-Hoc|Any CPU.Build.0 = Release|Any CPU
		{42E9463B-E655-4321-8023-BADC83972044}.Ad-Hoc|iPhone.ActiveCfg = Release|Any CPU
		{42E9463B-E655-4321-8023-BADC83972044}.Ad-Hoc|iPhoneSimulator.ActiveCfg = Release|Any CPU
		{42E9463B-E655-4321-8023-BADC83972044}.Ad-Hoc|Mixed Platforms.ActiveCfg = Release|Any CPU
		{42E9463B-E655-4321-8023-BADC83972044}.Ad-Hoc|Mixed Platforms.Build.0 = Release|Any CPU
		{42E9463B-E655-4321-8023-BADC83972044}.AppStore|Any CPU.ActiveCfg = Release|Any CPU
		{42E9463B-E655-4321-8023-BADC83972044}.AppStore|Any CPU.Build.0 = Release|Any CPU
		{42E9463B-E655-4321-8023-BADC83972044}.AppStore|iPhone.ActiveCfg = Release|Any CPU
		{42E9463B-E655-4321-8023-BADC83972044}.AppStore|iPhoneSimulator.ActiveCfg = Release|Any CPU
		{42E9463B-E655-4321-8023-BADC83972044}.AppStore|Mixed Platforms.ActiveCfg = Release|Any CPU
		{42E9463B-E655-4321-8023-BADC83972044}.AppStore|Mixed Platforms.Build.0 = Release|Any CPU
		{42E9463B-E655-4321-8023-BADC83972044}.Debug|Any CPU.ActiveCfg = Debug|Any CPU
		{42E9463B-E655-4321-8023-BADC83972044}.Debug|Any CPU.Build.0 = Debug|Any CPU
		{42E9463B-E655-4321-8023-BADC83972044}.Debug|iPhone.ActiveCfg = Debug|Any CPU
		{42E9463B-E655-4321-8023-BADC83972044}.Debug|iPhoneSimulator.ActiveCfg = Debug|Any CPU
		{42E9463B-E655-4321-8023-BADC83972044}.Debug|Mixed Platforms.ActiveCfg = Debug|Any CPU
		{42E9463B-E655-4321-8023-BADC83972044}.Debug|Mixed Platforms.Build.0 = Debug|Any CPU
		{42E9463B-E655-4321-8023-BADC83972044}.Release|Any CPU.ActiveCfg = Release|Any CPU
		{42E9463B-E655-4321-8023-BADC83972044}.Release|Any CPU.Build.0 = Release|Any CPU
		{42E9463B-E655-4321-8023-BADC83972044}.Release|iPhone.ActiveCfg = Release|Any CPU
		{42E9463B-E655-4321-8023-BADC83972044}.Release|iPhoneSimulator.ActiveCfg = Release|Any CPU
		{42E9463B-E655-4321-8023-BADC83972044}.Release|Mixed Platforms.ActiveCfg = Release|Any CPU
		{42E9463B-E655-4321-8023-BADC83972044}.Release|Mixed Platforms.Build.0 = Release|Any CPU
		{673B0EAA-4289-4455-A78C-928282DFA8E8}.Ad-Hoc|Any CPU.ActiveCfg = Release|Any CPU
		{673B0EAA-4289-4455-A78C-928282DFA8E8}.Ad-Hoc|Any CPU.Build.0 = Release|Any CPU
		{673B0EAA-4289-4455-A78C-928282DFA8E8}.Ad-Hoc|iPhone.ActiveCfg = Release|Any CPU
		{673B0EAA-4289-4455-A78C-928282DFA8E8}.Ad-Hoc|iPhoneSimulator.ActiveCfg = Release|Any CPU
		{673B0EAA-4289-4455-A78C-928282DFA8E8}.Ad-Hoc|Mixed Platforms.ActiveCfg = Release|Any CPU
		{673B0EAA-4289-4455-A78C-928282DFA8E8}.Ad-Hoc|Mixed Platforms.Build.0 = Release|Any CPU
		{673B0EAA-4289-4455-A78C-928282DFA8E8}.AppStore|Any CPU.ActiveCfg = Release|Any CPU
		{673B0EAA-4289-4455-A78C-928282DFA8E8}.AppStore|Any CPU.Build.0 = Release|Any CPU
		{673B0EAA-4289-4455-A78C-928282DFA8E8}.AppStore|iPhone.ActiveCfg = Release|Any CPU
		{673B0EAA-4289-4455-A78C-928282DFA8E8}.AppStore|iPhoneSimulator.ActiveCfg = Release|Any CPU
		{673B0EAA-4289-4455-A78C-928282DFA8E8}.AppStore|Mixed Platforms.ActiveCfg = Release|Any CPU
		{673B0EAA-4289-4455-A78C-928282DFA8E8}.AppStore|Mixed Platforms.Build.0 = Release|Any CPU
		{673B0EAA-4289-4455-A78C-928282DFA8E8}.Debug|Any CPU.ActiveCfg = Debug|Any CPU
		{673B0EAA-4289-4455-A78C-928282DFA8E8}.Debug|Any CPU.Build.0 = Debug|Any CPU
		{673B0EAA-4289-4455-A78C-928282DFA8E8}.Debug|iPhone.ActiveCfg = Debug|Any CPU
		{673B0EAA-4289-4455-A78C-928282DFA8E8}.Debug|iPhoneSimulator.ActiveCfg = Debug|Any CPU
		{673B0EAA-4289-4455-A78C-928282DFA8E8}.Debug|Mixed Platforms.ActiveCfg = Debug|Any CPU
		{673B0EAA-4289-4455-A78C-928282DFA8E8}.Debug|Mixed Platforms.Build.0 = Debug|Any CPU
		{673B0EAA-4289-4455-A78C-928282DFA8E8}.Release|Any CPU.ActiveCfg = Release|Any CPU
		{673B0EAA-4289-4455-A78C-928282DFA8E8}.Release|Any CPU.Build.0 = Release|Any CPU
		{673B0EAA-4289-4455-A78C-928282DFA8E8}.Release|iPhone.ActiveCfg = Release|Any CPU
		{673B0EAA-4289-4455-A78C-928282DFA8E8}.Release|iPhoneSimulator.ActiveCfg = Release|Any CPU
		{673B0EAA-4289-4455-A78C-928282DFA8E8}.Release|Mixed Platforms.ActiveCfg = Release|Any CPU
		{673B0EAA-4289-4455-A78C-928282DFA8E8}.Release|Mixed Platforms.Build.0 = Release|Any CPU
		{1786A563-B4A0-489B-B888-46D49632DD9E}.Ad-Hoc|Any CPU.ActiveCfg = Release|Any CPU
		{1786A563-B4A0-489B-B888-46D49632DD9E}.Ad-Hoc|Any CPU.Build.0 = Release|Any CPU
		{1786A563-B4A0-489B-B888-46D49632DD9E}.Ad-Hoc|iPhone.ActiveCfg = Release|Any CPU
		{1786A563-B4A0-489B-B888-46D49632DD9E}.Ad-Hoc|iPhoneSimulator.ActiveCfg = Release|Any CPU
		{1786A563-B4A0-489B-B888-46D49632DD9E}.Ad-Hoc|Mixed Platforms.ActiveCfg = Release|Any CPU
		{1786A563-B4A0-489B-B888-46D49632DD9E}.Ad-Hoc|Mixed Platforms.Build.0 = Release|Any CPU
		{1786A563-B4A0-489B-B888-46D49632DD9E}.AppStore|Any CPU.ActiveCfg = Release|Any CPU
		{1786A563-B4A0-489B-B888-46D49632DD9E}.AppStore|Any CPU.Build.0 = Release|Any CPU
		{1786A563-B4A0-489B-B888-46D49632DD9E}.AppStore|iPhone.ActiveCfg = Release|Any CPU
		{1786A563-B4A0-489B-B888-46D49632DD9E}.AppStore|iPhoneSimulator.ActiveCfg = Release|Any CPU
		{1786A563-B4A0-489B-B888-46D49632DD9E}.AppStore|Mixed Platforms.ActiveCfg = Release|Any CPU
		{1786A563-B4A0-489B-B888-46D49632DD9E}.AppStore|Mixed Platforms.Build.0 = Release|Any CPU
		{1786A563-B4A0-489B-B888-46D49632DD9E}.Debug|Any CPU.ActiveCfg = Debug|Any CPU
		{1786A563-B4A0-489B-B888-46D49632DD9E}.Debug|Any CPU.Build.0 = Debug|Any CPU
		{1786A563-B4A0-489B-B888-46D49632DD9E}.Debug|iPhone.ActiveCfg = Debug|Any CPU
		{1786A563-B4A0-489B-B888-46D49632DD9E}.Debug|iPhoneSimulator.ActiveCfg = Debug|Any CPU
		{1786A563-B4A0-489B-B888-46D49632DD9E}.Debug|Mixed Platforms.ActiveCfg = Debug|Any CPU
		{1786A563-B4A0-489B-B888-46D49632DD9E}.Debug|Mixed Platforms.Build.0 = Debug|Any CPU
		{1786A563-B4A0-489B-B888-46D49632DD9E}.Release|Any CPU.ActiveCfg = Release|Any CPU
		{1786A563-B4A0-489B-B888-46D49632DD9E}.Release|Any CPU.Build.0 = Release|Any CPU
		{1786A563-B4A0-489B-B888-46D49632DD9E}.Release|iPhone.ActiveCfg = Release|Any CPU
		{1786A563-B4A0-489B-B888-46D49632DD9E}.Release|iPhoneSimulator.ActiveCfg = Release|Any CPU
		{1786A563-B4A0-489B-B888-46D49632DD9E}.Release|Mixed Platforms.ActiveCfg = Release|Any CPU
		{1786A563-B4A0-489B-B888-46D49632DD9E}.Release|Mixed Platforms.Build.0 = Release|Any CPU
	EndGlobalSection
	GlobalSection(SolutionProperties) = preSolution
		HideSolutionNode = FALSE
	EndGlobalSection
EndGlobal
